// !$*UTF8*$!
{
	archiveVersion = 1;
	classes = {
	};
	objectVersion = 77;
	objects = {

/* Begin PBXBuildFile section */
		DDECE47E2DC2AD880039F7E8 /* FirebaseAuth in Frameworks */ = {isa = PBXBuildFile; productRef = DDECE47D2DC2AD880039F7E8 /* FirebaseAuth */; };
		DDECE4802DC2AD880039F7E8 /* FirebaseAuthCombine-Community in Frameworks */ = {isa = PBXBuildFile; productRef = DDECE47F2DC2AD880039F7E8 /* FirebaseAuthCombine-Community */; };
		DDECE4822DC2AD880039F7E8 /* FirebaseCore in Frameworks */ = {isa = PBXBuildFile; productRef = DDECE4812DC2AD880039F7E8 /* FirebaseCore */; };
		DDECE4842DC2AD880039F7E8 /* FirebaseFirestore in Frameworks */ = {isa = PBXBuildFile; productRef = DDECE4832DC2AD880039F7E8 /* FirebaseFirestore */; };
		DDECE4862DC2AD880039F7E8 /* FirebaseFirestoreCombine-Community in Frameworks */ = {isa = PBXBuildFile; productRef = DDECE4852DC2AD880039F7E8 /* FirebaseFirestoreCombine-Community */; };
/* End PBXBuildFile section */

/* Begin PBXContainerItemProxy section */
		DD40033F2DBE823D00A48613 /* PBXContainerItemProxy */ = {
			isa = PBXContainerItemProxy;
			containerPortal = DD4003262DBE823A00A48613 /* Project object */;
			proxyType = 1;
			remoteGlobalIDString = DD40032D2DBE823A00A48613;
			remoteInfo = FactsApp;
		};
		DD4003492DBE823D00A48613 /* PBXContainerItemProxy */ = {
			isa = PBXContainerItemProxy;
			containerPortal = DD4003262DBE823A00A48613 /* Project object */;
			proxyType = 1;
			remoteGlobalIDString = DD40032D2DBE823A00A48613;
			remoteInfo = FactsApp;
		};
/* End PBXContainerItemProxy section */

/* Begin PBXFileReference section */
		DD40032E2DBE823A00A48613 /* FactsApp.app */ = {isa = PBXFileReference; explicitFileType = wrapper.application; includeInIndex = 0; path = FactsApp.app; sourceTree = BUILT_PRODUCTS_DIR; };
		DD40033E2DBE823D00A48613 /* FactsAppTests.xctest */ = {isa = PBXFileReference; explicitFileType = wrapper.cfbundle; includeInIndex = 0; path = FactsAppTests.xctest; sourceTree = BUILT_PRODUCTS_DIR; };
		DD4003482DBE823D00A48613 /* FactsAppUITests.xctest */ = {isa = PBXFileReference; explicitFileType = wrapper.cfbundle; includeInIndex = 0; path = FactsAppUITests.xctest; sourceTree = BUILT_PRODUCTS_DIR; };
/* End PBXFileReference section */

/* Begin PBXFileSystemSynchronizedRootGroup section */
		DD4003302DBE823A00A48613 /* FactsApp */ = {
			isa = PBXFileSystemSynchronizedRootGroup;
			path = FactsApp;
			sourceTree = "<group>";
		};
		DD4003412DBE823D00A48613 /* FactsAppTests */ = {
			isa = PBXFileSystemSynchronizedRootGroup;
			path = FactsAppTests;
			sourceTree = "<group>";
		};
		DD40034B2DBE823D00A48613 /* FactsAppUITests */ = {
			isa = PBXFileSystemSynchronizedRootGroup;
			path = FactsAppUITests;
			sourceTree = "<group>";
		};
/* End PBXFileSystemSynchronizedRootGroup section */

/* Begin PBXFrameworksBuildPhase section */
		DD40032B2DBE823A00A48613 /* Frameworks */ = {
			isa = PBXFrameworksBuildPhase;
			buildActionMask = 2147483647;
			files = (
				DDECE47E2DC2AD880039F7E8 /* FirebaseAuth in Frameworks */,
				DDECE4842DC2AD880039F7E8 /* FirebaseFirestore in Frameworks */,
				DDECE4822DC2AD880039F7E8 /* FirebaseCore in Frameworks */,
				DDECE4862DC2AD880039F7E8 /* FirebaseFirestoreCombine-Community in Frameworks */,
				DDECE4802DC2AD880039F7E8 /* FirebaseAuthCombine-Community in Frameworks */,
			);
			runOnlyForDeploymentPostprocessing = 0;
		};
		DD40033B2DBE823D00A48613 /* Frameworks */ = {
			isa = PBXFrameworksBuildPhase;
			buildActionMask = 2147483647;
			files = (
			);
			runOnlyForDeploymentPostprocessing = 0;
		};
		DD4003452DBE823D00A48613 /* Frameworks */ = {
			isa = PBXFrameworksBuildPhase;
			buildActionMask = 2147483647;
			files = (
			);
			runOnlyForDeploymentPostprocessing = 0;
		};
/* End PBXFrameworksBuildPhase section */

/* Begin PBXGroup section */
		DD4003252DBE823A00A48613 = {
			isa = PBXGroup;
			children = (
				DD4003302DBE823A00A48613 /* FactsApp */,
				DD4003412DBE823D00A48613 /* FactsAppTests */,
				DD40034B2DBE823D00A48613 /* FactsAppUITests */,
				DD40032F2DBE823A00A48613 /* Products */,
			);
			sourceTree = "<group>";
		};
		DD40032F2DBE823A00A48613 /* Products */ = {
			isa = PBXGroup;
			children = (
				DD40032E2DBE823A00A48613 /* FactsApp.app */,
				DD40033E2DBE823D00A48613 /* FactsAppTests.xctest */,
				DD4003482DBE823D00A48613 /* FactsAppUITests.xctest */,
			);
			name = Products;
			sourceTree = "<group>";
		};
/* End PBXGroup section */

/* Begin PBXNativeTarget section */
		DD40032D2DBE823A00A48613 /* FactsApp */ = {
			isa = PBXNativeTarget;
			buildConfigurationList = DD4003522DBE823D00A48613 /* Build configuration list for PBXNativeTarget "FactsApp" */;
			buildPhases = (
				DD40032A2DBE823A00A48613 /* Sources */,
				DD40032B2DBE823A00A48613 /* Frameworks */,
				DD40032C2DBE823A00A48613 /* Resources */,
			);
			buildRules = (
			);
			dependencies = (
			);
			fileSystemSynchronizedGroups = (
				DD4003302DBE823A00A48613 /* FactsApp */,
			);
			name = FactsApp;
			packageProductDependencies = (
				DDECE47D2DC2AD880039F7E8 /* FirebaseAuth */,
				DDECE47F2DC2AD880039F7E8 /* FirebaseAuthCombine-Community */,
				DDECE4812DC2AD880039F7E8 /* FirebaseCore */,
				DDECE4832DC2AD880039F7E8 /* FirebaseFirestore */,
				DDECE4852DC2AD880039F7E8 /* FirebaseFirestoreCombine-Community */,
			);
			productName = FactsApp;
			productReference = DD40032E2DBE823A00A48613 /* FactsApp.app */;
			productType = "com.apple.product-type.application";
		};
		DD40033D2DBE823D00A48613 /* FactsAppTests */ = {
			isa = PBXNativeTarget;
			buildConfigurationList = DD4003552DBE823D00A48613 /* Build configuration list for PBXNativeTarget "FactsAppTests" */;
			buildPhases = (
				DD40033A2DBE823D00A48613 /* Sources */,
				DD40033B2DBE823D00A48613 /* Frameworks */,
				DD40033C2DBE823D00A48613 /* Resources */,
			);
			buildRules = (
			);
			dependencies = (
				DD4003402DBE823D00A48613 /* PBXTargetDependency */,
			);
			fileSystemSynchronizedGroups = (
				DD4003412DBE823D00A48613 /* FactsAppTests */,
			);
			name = FactsAppTests;
			packageProductDependencies = (
			);
			productName = FactsAppTests;
			productReference = DD40033E2DBE823D00A48613 /* FactsAppTests.xctest */;
			productType = "com.apple.product-type.bundle.unit-test";
		};
		DD4003472DBE823D00A48613 /* FactsAppUITests */ = {
			isa = PBXNativeTarget;
			buildConfigurationList = DD4003582DBE823D00A48613 /* Build configuration list for PBXNativeTarget "FactsAppUITests" */;
			buildPhases = (
				DD4003442DBE823D00A48613 /* Sources */,
				DD4003452DBE823D00A48613 /* Frameworks */,
				DD4003462DBE823D00A48613 /* Resources */,
			);
			buildRules = (
			);
			dependencies = (
				DD40034A2DBE823D00A48613 /* PBXTargetDependency */,
			);
			fileSystemSynchronizedGroups = (
				DD40034B2DBE823D00A48613 /* FactsAppUITests */,
			);
			name = FactsAppUITests;
			packageProductDependencies = (
			);
			productName = FactsAppUITests;
			productReference = DD4003482DBE823D00A48613 /* FactsAppUITests.xctest */;
			productType = "com.apple.product-type.bundle.ui-testing";
		};
/* End PBXNativeTarget section */

/* Begin PBXProject section */
		DD4003262DBE823A00A48613 /* Project object */ = {
			isa = PBXProject;
			attributes = {
				BuildIndependentTargetsInParallel = 1;
				LastSwiftUpdateCheck = 1620;
				LastUpgradeCheck = 1620;
				TargetAttributes = {
					DD40032D2DBE823A00A48613 = {
						CreatedOnToolsVersion = 16.2;
					};
					DD40033D2DBE823D00A48613 = {
						CreatedOnToolsVersion = 16.2;
						TestTargetID = DD40032D2DBE823A00A48613;
					};
					DD4003472DBE823D00A48613 = {
						CreatedOnToolsVersion = 16.2;
						TestTargetID = DD40032D2DBE823A00A48613;
					};
				};
			};
			buildConfigurationList = DD4003292DBE823A00A48613 /* Build configuration list for PBXProject "FactsApp" */;
			developmentRegion = en;
			hasScannedForEncodings = 0;
			knownRegions = (
				en,
				Base,
			);
			mainGroup = DD4003252DBE823A00A48613;
			minimizedProjectReferenceProxies = 1;
			packageReferences = (
				DDCC93932DC2AAE4009B0FF3 /* XCRemoteSwiftPackageReference "firebase-ios-sdk" */,
			);
			preferredProjectObjectVersion = 77;
			productRefGroup = DD40032F2DBE823A00A48613 /* Products */;
			projectDirPath = "";
			projectRoot = "";
			targets = (
				DD40032D2DBE823A00A48613 /* FactsApp */,
				DD40033D2DBE823D00A48613 /* FactsAppTests */,
				DD4003472DBE823D00A48613 /* FactsAppUITests */,
			);
		};
/* End PBXProject section */

/* Begin PBXResourcesBuildPhase section */
		DD40032C2DBE823A00A48613 /* Resources */ = {
			isa = PBXResourcesBuildPhase;
			buildActionMask = 2147483647;
			files = (
			);
			runOnlyForDeploymentPostprocessing = 0;
		};
		DD40033C2DBE823D00A48613 /* Resources */ = {
			isa = PBXResourcesBuildPhase;
			buildActionMask = 2147483647;
			files = (
			);
			runOnlyForDeploymentPostprocessing = 0;
		};
		DD4003462DBE823D00A48613 /* Resources */ = {
			isa = PBXResourcesBuildPhase;
			buildActionMask = 2147483647;
			files = (
			);
			runOnlyForDeploymentPostprocessing = 0;
		};
/* End PBXResourcesBuildPhase section */

/* Begin PBXSourcesBuildPhase section */
		DD40032A2DBE823A00A48613 /* Sources */ = {
			isa = PBXSourcesBuildPhase;
			buildActionMask = 2147483647;
			files = (
			);
			runOnlyForDeploymentPostprocessing = 0;
		};
		DD40033A2DBE823D00A48613 /* Sources */ = {
			isa = PBXSourcesBuildPhase;
			buildActionMask = 2147483647;
			files = (
			);
			runOnlyForDeploymentPostprocessing = 0;
		};
		DD4003442DBE823D00A48613 /* Sources */ = {
			isa = PBXSourcesBuildPhase;
			buildActionMask = 2147483647;
			files = (
			);
			runOnlyForDeploymentPostprocessing = 0;
		};
/* End PBXSourcesBuildPhase section */

/* Begin PBXTargetDependency section */
		DD4003402DBE823D00A48613 /* PBXTargetDependency */ = {
			isa = PBXTargetDependency;
			target = DD40032D2DBE823A00A48613 /* FactsApp */;
			targetProxy = DD40033F2DBE823D00A48613 /* PBXContainerItemProxy */;
		};
		DD40034A2DBE823D00A48613 /* PBXTargetDependency */ = {
			isa = PBXTargetDependency;
			target = DD40032D2DBE823A00A48613 /* FactsApp */;
			targetProxy = DD4003492DBE823D00A48613 /* PBXContainerItemProxy */;
		};
/* End PBXTargetDependency section */

/* Begin XCBuildConfiguration section */
		DD4003502DBE823D00A48613 /* Debug */ = {
			isa = XCBuildConfiguration;
			buildSettings = {
				ALWAYS_SEARCH_USER_PATHS = NO;
				ASSETCATALOG_COMPILER_GENERATE_SWIFT_ASSET_SYMBOL_EXTENSIONS = YES;
				CLANG_ANALYZER_NONNULL = YES;
				CLANG_ANALYZER_NUMBER_OBJECT_CONVERSION = YES_AGGRESSIVE;
				CLANG_CXX_LANGUAGE_STANDARD = "gnu++20";
				CLANG_ENABLE_MODULES = YES;
				CLANG_ENABLE_OBJC_ARC = YES;
				CLANG_ENABLE_OBJC_WEAK = YES;
				CLANG_WARN_BLOCK_CAPTURE_AUTORELEASING = YES;
				CLANG_WARN_BOOL_CONVERSION = YES;
				CLANG_WARN_COMMA = YES;
				CLANG_WARN_CONSTANT_CONVERSION = YES;
				CLANG_WARN_DEPRECATED_OBJC_IMPLEMENTATIONS = YES;
				CLANG_WARN_DIRECT_OBJC_ISA_USAGE = YES_ERROR;
				CLANG_WARN_DOCUMENTATION_COMMENTS = YES;
				CLANG_WARN_EMPTY_BODY = YES;
				CLANG_WARN_ENUM_CONVERSION = YES;
				CLANG_WARN_INFINITE_RECURSION = YES;
				CLANG_WARN_INT_CONVERSION = YES;
				CLANG_WARN_NON_LITERAL_NULL_CONVERSION = YES;
				CLANG_WARN_OBJC_IMPLICIT_RETAIN_SELF = YES;
				CLANG_WARN_OBJC_LITERAL_CONVERSION = YES;
				CLANG_WARN_OBJC_ROOT_CLASS = YES_ERROR;
				CLANG_WARN_QUOTED_INCLUDE_IN_FRAMEWORK_HEADER = YES;
				CLANG_WARN_RANGE_LOOP_ANALYSIS = YES;
				CLANG_WARN_STRICT_PROTOTYPES = YES;
				CLANG_WARN_SUSPICIOUS_MOVE = YES;
				CLANG_WARN_UNGUARDED_AVAILABILITY = YES_AGGRESSIVE;
				CLANG_WARN_UNREACHABLE_CODE = YES;
				CLANG_WARN__DUPLICATE_METHOD_MATCH = YES;
				COPY_PHASE_STRIP = NO;
				DEBUG_INFORMATION_FORMAT = dwarf;
				ENABLE_STRICT_OBJC_MSGSEND = YES;
				ENABLE_TESTABILITY = YES;
				ENABLE_USER_SCRIPT_SANDBOXING = YES;
				GCC_C_LANGUAGE_STANDARD = gnu17;
				GCC_DYNAMIC_NO_PIC = NO;
				GCC_NO_COMMON_BLOCKS = YES;
				GCC_OPTIMIZATION_LEVEL = 0;
				GCC_PREPROCESSOR_DEFINITIONS = (
					"DEBUG=1",
					"$(inherited)",
				);
				GCC_WARN_64_TO_32_BIT_CONVERSION = YES;
				GCC_WARN_ABOUT_RETURN_TYPE = YES_ERROR;
				GCC_WARN_UNDECLARED_SELECTOR = YES;
				GCC_WARN_UNINITIALIZED_AUTOS = YES_AGGRESSIVE;
				GCC_WARN_UNUSED_FUNCTION = YES;
				GCC_WARN_UNUSED_VARIABLE = YES;
				IPHONEOS_DEPLOYMENT_TARGET = 18.2;
				LOCALIZATION_PREFERS_STRING_CATALOGS = YES;
				MTL_ENABLE_DEBUG_INFO = INCLUDE_SOURCE;
				MTL_FAST_MATH = YES;
				ONLY_ACTIVE_ARCH = YES;
				SDKROOT = iphoneos;
				SWIFT_ACTIVE_COMPILATION_CONDITIONS = "DEBUG $(inherited)";
				SWIFT_OPTIMIZATION_LEVEL = "-Onone";
			};
			name = Debug;
		};
		DD4003512DBE823D00A48613 /* Release */ = {
			isa = XCBuildConfiguration;
			buildSettings = {
				ALWAYS_SEARCH_USER_PATHS = NO;
				ASSETCATALOG_COMPILER_GENERATE_SWIFT_ASSET_SYMBOL_EXTENSIONS = YES;
				CLANG_ANALYZER_NONNULL = YES;
				CLANG_ANALYZER_NUMBER_OBJECT_CONVERSION = YES_AGGRESSIVE;
				CLANG_CXX_LANGUAGE_STANDARD = "gnu++20";
				CLANG_ENABLE_MODULES = YES;
				CLANG_ENABLE_OBJC_ARC = YES;
				CLANG_ENABLE_OBJC_WEAK = YES;
				CLANG_WARN_BLOCK_CAPTURE_AUTORELEASING = YES;
				CLANG_WARN_BOOL_CONVERSION = YES;
				CLANG_WARN_COMMA = YES;
				CLANG_WARN_CONSTANT_CONVERSION = YES;
				CLANG_WARN_DEPRECATED_OBJC_IMPLEMENTATIONS = YES;
				CLANG_WARN_DIRECT_OBJC_ISA_USAGE = YES_ERROR;
				CLANG_WARN_DOCUMENTATION_COMMENTS = YES;
				CLANG_WARN_EMPTY_BODY = YES;
				CLANG_WARN_ENUM_CONVERSION = YES;
				CLANG_WARN_INFINITE_RECURSION = YES;
				CLANG_WARN_INT_CONVERSION = YES;
				CLANG_WARN_NON_LITERAL_NULL_CONVERSION = YES;
				CLANG_WARN_OBJC_IMPLICIT_RETAIN_SELF = YES;
				CLANG_WARN_OBJC_LITERAL_CONVERSION = YES;
				CLANG_WARN_OBJC_ROOT_CLASS = YES_ERROR;
				CLANG_WARN_QUOTED_INCLUDE_IN_FRAMEWORK_HEADER = YES;
				CLANG_WARN_RANGE_LOOP_ANALYSIS = YES;
				CLANG_WARN_STRICT_PROTOTYPES = YES;
				CLANG_WARN_SUSPICIOUS_MOVE = YES;
				CLANG_WARN_UNGUARDED_AVAILABILITY = YES_AGGRESSIVE;
				CLANG_WARN_UNREACHABLE_CODE = YES;
				CLANG_WARN__DUPLICATE_METHOD_MATCH = YES;
				COPY_PHASE_STRIP = NO;
				DEBUG_INFORMATION_FORMAT = "dwarf-with-dsym";
				ENABLE_NS_ASSERTIONS = NO;
				ENABLE_STRICT_OBJC_MSGSEND = YES;
				ENABLE_USER_SCRIPT_SANDBOXING = YES;
				GCC_C_LANGUAGE_STANDARD = gnu17;
				GCC_NO_COMMON_BLOCKS = YES;
				GCC_WARN_64_TO_32_BIT_CONVERSION = YES;
				GCC_WARN_ABOUT_RETURN_TYPE = YES_ERROR;
				GCC_WARN_UNDECLARED_SELECTOR = YES;
				GCC_WARN_UNINITIALIZED_AUTOS = YES_AGGRESSIVE;
				GCC_WARN_UNUSED_FUNCTION = YES;
				GCC_WARN_UNUSED_VARIABLE = YES;
				IPHONEOS_DEPLOYMENT_TARGET = 18.2;
				LOCALIZATION_PREFERS_STRING_CATALOGS = YES;
				MTL_ENABLE_DEBUG_INFO = NO;
				MTL_FAST_MATH = YES;
				SDKROOT = iphoneos;
				SWIFT_COMPILATION_MODE = wholemodule;
				VALIDATE_PRODUCT = YES;
			};
			name = Release;
		};
		DD4003532DBE823D00A48613 /* Debug */ = {
			isa = XCBuildConfiguration;
			buildSettings = {
				ASSETCATALOG_COMPILER_APPICON_NAME = AppIcon;
				ASSETCATALOG_COMPILER_GLOBAL_ACCENT_COLOR_NAME = AccentColor;
				CODE_SIGN_STYLE = Automatic;
				CURRENT_PROJECT_VERSION = 1;
				DEVELOPMENT_ASSET_PATHS = "\"FactsApp/Preview Content\"";
				DEVELOPMENT_TEAM = X55V6FTF2T;
				ENABLE_PREVIEWS = YES;
				GENERATE_INFOPLIST_FILE = YES;
				INFOPLIST_KEY_UIApplicationSceneManifest_Generation = YES;
				INFOPLIST_KEY_UIApplicationSupportsIndirectInputEvents = YES;
				INFOPLIST_KEY_UILaunchScreen_Generation = YES;
				INFOPLIST_KEY_UISupportedInterfaceOrientations_iPad = "UIInterfaceOrientationPortrait UIInterfaceOrientationPortraitUpsideDown UIInterfaceOrientationLandscapeLeft UIInterfaceOrientationLandscapeRight";
				INFOPLIST_KEY_UISupportedInterfaceOrientations_iPhone = "UIInterfaceOrientationPortrait UIInterfaceOrientationLandscapeLeft UIInterfaceOrientationLandscapeRight";
				LD_RUNPATH_SEARCH_PATHS = (
					"$(inherited)",
					"@executable_path/Frameworks",
				);
				MARKETING_VERSION = 1.0;
				PRODUCT_BUNDLE_IDENTIFIER = com.eviseek.FactsApp;
				PRODUCT_NAME = "$(TARGET_NAME)";
				SWIFT_EMIT_LOC_STRINGS = YES;
				SWIFT_VERSION = 5.0;
				TARGETED_DEVICE_FAMILY = "1,2";
			};
			name = Debug;
		};
		DD4003542DBE823D00A48613 /* Release */ = {
			isa = XCBuildConfiguration;
			buildSettings = {
				ASSETCATALOG_COMPILER_APPICON_NAME = AppIcon;
				ASSETCATALOG_COMPILER_GLOBAL_ACCENT_COLOR_NAME = AccentColor;
				CODE_SIGN_STYLE = Automatic;
				CURRENT_PROJECT_VERSION = 1;
				DEVELOPMENT_ASSET_PATHS = "\"FactsApp/Preview Content\"";
				DEVELOPMENT_TEAM = X55V6FTF2T;
				ENABLE_PREVIEWS = YES;
				GENERATE_INFOPLIST_FILE = YES;
				INFOPLIST_KEY_UIApplicationSceneManifest_Generation = YES;
				INFOPLIST_KEY_UIApplicationSupportsIndirectInputEvents = YES;
				INFOPLIST_KEY_UILaunchScreen_Generation = YES;
				INFOPLIST_KEY_UISupportedInterfaceOrientations_iPad = "UIInterfaceOrientationPortrait UIInterfaceOrientationPortraitUpsideDown UIInterfaceOrientationLandscapeLeft UIInterfaceOrientationLandscapeRight";
				INFOPLIST_KEY_UISupportedInterfaceOrientations_iPhone = "UIInterfaceOrientationPortrait UIInterfaceOrientationLandscapeLeft UIInterfaceOrientationLandscapeRight";
				LD_RUNPATH_SEARCH_PATHS = (
					"$(inherited)",
					"@executable_path/Frameworks",
				);
				MARKETING_VERSION = 1.0;
				PRODUCT_BUNDLE_IDENTIFIER = com.eviseek.FactsApp;
				PRODUCT_NAME = "$(TARGET_NAME)";
				SWIFT_EMIT_LOC_STRINGS = YES;
				SWIFT_VERSION = 5.0;
				TARGETED_DEVICE_FAMILY = "1,2";
			};
			name = Release;
		};
		DD4003562DBE823D00A48613 /* Debug */ = {
			isa = XCBuildConfiguration;
			buildSettings = {
				BUNDLE_LOADER = "$(TEST_HOST)";
				CODE_SIGN_STYLE = Automatic;
				CURRENT_PROJECT_VERSION = 1;
				DEVELOPMENT_TEAM = X55V6FTF2T;
				GENERATE_INFOPLIST_FILE = YES;
				IPHONEOS_DEPLOYMENT_TARGET = 18.2;
				MARKETING_VERSION = 1.0;
				PRODUCT_BUNDLE_IDENTIFIER = com.eviseek.FactsAppTests;
				PRODUCT_NAME = "$(TARGET_NAME)";
				SWIFT_EMIT_LOC_STRINGS = NO;
				SWIFT_VERSION = 5.0;
				TARGETED_DEVICE_FAMILY = "1,2";
				TEST_HOST = "$(BUILT_PRODUCTS_DIR)/FactsApp.app/$(BUNDLE_EXECUTABLE_FOLDER_PATH)/FactsApp";
			};
			name = Debug;
		};
		DD4003572DBE823D00A48613 /* Release */ = {
			isa = XCBuildConfiguration;
			buildSettings = {
				BUNDLE_LOADER = "$(TEST_HOST)";
				CODE_SIGN_STYLE = Automatic;
				CURRENT_PROJECT_VERSION = 1;
				DEVELOPMENT_TEAM = X55V6FTF2T;
				GENERATE_INFOPLIST_FILE = YES;
				IPHONEOS_DEPLOYMENT_TARGET = 18.2;
				MARKETING_VERSION = 1.0;
				PRODUCT_BUNDLE_IDENTIFIER = com.eviseek.FactsAppTests;
				PRODUCT_NAME = "$(TARGET_NAME)";
				SWIFT_EMIT_LOC_STRINGS = NO;
				SWIFT_VERSION = 5.0;
				TARGETED_DEVICE_FAMILY = "1,2";
				TEST_HOST = "$(BUILT_PRODUCTS_DIR)/FactsApp.app/$(BUNDLE_EXECUTABLE_FOLDER_PATH)/FactsApp";
			};
			name = Release;
		};
		DD4003592DBE823D00A48613 /* Debug */ = {
			isa = XCBuildConfiguration;
			buildSettings = {
				CODE_SIGN_STYLE = Automatic;
				CURRENT_PROJECT_VERSION = 1;
				DEVELOPMENT_TEAM = X55V6FTF2T;
				GENERATE_INFOPLIST_FILE = YES;
				MARKETING_VERSION = 1.0;
				PRODUCT_BUNDLE_IDENTIFIER = com.eviseek.FactsAppUITests;
				PRODUCT_NAME = "$(TARGET_NAME)";
				SWIFT_EMIT_LOC_STRINGS = NO;
				SWIFT_VERSION = 5.0;
				TARGETED_DEVICE_FAMILY = "1,2";
				TEST_TARGET_NAME = FactsApp;
			};
			name = Debug;
		};
		DD40035A2DBE823D00A48613 /* Release */ = {
			isa = XCBuildConfiguration;
			buildSettings = {
				CODE_SIGN_STYLE = Automatic;
				CURRENT_PROJECT_VERSION = 1;
				DEVELOPMENT_TEAM = X55V6FTF2T;
				GENERATE_INFOPLIST_FILE = YES;
				MARKETING_VERSION = 1.0;
				PRODUCT_BUNDLE_IDENTIFIER = com.eviseek.FactsAppUITests;
				PRODUCT_NAME = "$(TARGET_NAME)";
				SWIFT_EMIT_LOC_STRINGS = NO;
				SWIFT_VERSION = 5.0;
				TARGETED_DEVICE_FAMILY = "1,2";
				TEST_TARGET_NAME = FactsApp;
			};
			name = Release;
		};
/* End XCBuildConfiguration section */

/* Begin XCConfigurationList section */
		DD4003292DBE823A00A48613 /* Build configuration list for PBXProject "FactsApp" */ = {
			isa = XCConfigurationList;
			buildConfigurations = (
				DD4003502DBE823D00A48613 /* Debug */,
				DD4003512DBE823D00A48613 /* Release */,
			);
			defaultConfigurationIsVisible = 0;
			defaultConfigurationName = Release;
		};
		DD4003522DBE823D00A48613 /* Build configuration list for PBXNativeTarget "FactsApp" */ = {
			isa = XCConfigurationList;
			buildConfigurations = (
				DD4003532DBE823D00A48613 /* Debug */,
				DD4003542DBE823D00A48613 /* Release */,
			);
			defaultConfigurationIsVisible = 0;
			defaultConfigurationName = Release;
		};
		DD4003552DBE823D00A48613 /* Build configuration list for PBXNativeTarget "FactsAppTests" */ = {
			isa = XCConfigurationList;
			buildConfigurations = (
				DD4003562DBE823D00A48613 /* Debug */,
				DD4003572DBE823D00A48613 /* Release */,
			);
			defaultConfigurationIsVisible = 0;
			defaultConfigurationName = Release;
		};
		DD4003582DBE823D00A48613 /* Build configuration list for PBXNativeTarget "FactsAppUITests" */ = {
			isa = XCConfigurationList;
			buildConfigurations = (
				DD4003592DBE823D00A48613 /* Debug */,
				DD40035A2DBE823D00A48613 /* Release */,
			);
			defaultConfigurationIsVisible = 0;
			defaultConfigurationName = Release;
		};
/* End XCConfigurationList section */

/* Begin XCRemoteSwiftPackageReference section */
		DDCC93932DC2AAE4009B0FF3 /* XCRemoteSwiftPackageReference "firebase-ios-sdk" */ = {
			isa = XCRemoteSwiftPackageReference;
			repositoryURL = "https://github.com/firebase/firebase-ios-sdk";
			requirement = {
				kind = upToNextMajorVersion;
				minimumVersion = 11.12.0;
			};
		};
/* End XCRemoteSwiftPackageReference section */

/* Begin XCSwiftPackageProductDependency section */
		DDECE47D2DC2AD880039F7E8 /* FirebaseAuth */ = {
			isa = XCSwiftPackageProductDependency;
			package = DDCC93932DC2AAE4009B0FF3 /* XCRemoteSwiftPackageReference "firebase-ios-sdk" */;
			productName = FirebaseAuth;
		};
		DDECE47F2DC2AD880039F7E8 /* FirebaseAuthCombine-Community */ = {
			isa = XCSwiftPackageProductDependency;
			package = DDCC93932DC2AAE4009B0FF3 /* XCRemoteSwiftPackageReference "firebase-ios-sdk" */;
			productName = "FirebaseAuthCombine-Community";
		};
		DDECE4812DC2AD880039F7E8 /* FirebaseCore */ = {
			isa = XCSwiftPackageProductDependency;
			package = DDCC93932DC2AAE4009B0FF3 /* XCRemoteSwiftPackageReference "firebase-ios-sdk" */;
			productName = FirebaseCore;
		};
		DDECE4832DC2AD880039F7E8 /* FirebaseFirestore */ = {
			isa = XCSwiftPackageProductDependency;
			package = DDCC93932DC2AAE4009B0FF3 /* XCRemoteSwiftPackageReference "firebase-ios-sdk" */;
			productName = FirebaseFirestore;
		};
		DDECE4852DC2AD880039F7E8 /* FirebaseFirestoreCombine-Community */ = {
			isa = XCSwiftPackageProductDependency;
			package = DDCC93932DC2AAE4009B0FF3 /* XCRemoteSwiftPackageReference "firebase-ios-sdk" */;
			productName = "FirebaseFirestoreCombine-Community";
		};
/* End XCSwiftPackageProductDependency section */
	};
	rootObject = DD4003262DBE823A00A48613 /* Project object */;
}
